
Microsoft Visual Studio Solution File, Format Version 12.00
# Visual Studio Version 17
VisualStudioVersion = 17.0.31903.59
MinimumVisualStudioVersion = 10.0.40219.1
Project("{FAE04EC0-301F-11D3-BF4B-00C04F79EFBC}") = "Metaballs", "Metaballs\Metaballs.csproj", "{43D4391B-5D18-46D0-A9B1-B8A1EC318CA0}"
EndProject
Project("{FAE04EC0-301F-11D3-BF4B-00C04F79EFBC}") = "RetroTK", "RetroTK\RetroTK.csproj", "{510289EC-66E4-4AC6-9486-EB7E13602474}"
EndProject
Global
	GlobalSection(SolutionConfigurationPlatforms) = preSolution
		Debug|Any CPU = Debug|Any CPU
		Debug|x64 = Debug|x64
		Debug|x86 = Debug|x86
		Release|Any CPU = Release|Any CPU
		Release|x64 = Release|x64
		Release|x86 = Release|x86
	EndGlobalSection
	GlobalSection(ProjectConfigurationPlatforms) = postSolution
		{43D4391B-5D18-46D0-A9B1-B8A1EC318CA0}.Debug|Any CPU.ActiveCfg = Debug|Any CPU
		{43D4391B-5D18-46D0-A9B1-B8A1EC318CA0}.Debug|Any CPU.Build.0 = Debug|Any CPU
		{43D4391B-5D18-46D0-A9B1-B8A1EC318CA0}.Debug|x64.ActiveCfg = Debug|Any CPU
		{43D4391B-5D18-46D0-A9B1-B8A1EC318CA0}.Debug|x64.Build.0 = Debug|Any CPU
		{43D4391B-5D18-46D0-A9B1-B8A1EC318CA0}.Debug|x86.ActiveCfg = Debug|Any CPU
		{43D4391B-5D18-46D0-A9B1-B8A1EC318CA0}.Debug|x86.Build.0 = Debug|Any CPU
		{43D4391B-5D18-46D0-A9B1-B8A1EC318CA0}.Release|Any CPU.ActiveCfg = Release|Any CPU
		{43D4391B-5D18-46D0-A9B1-B8A1EC318CA0}.Release|Any CPU.Build.0 = Release|Any CPU
		{43D4391B-5D18-46D0-A9B1-B8A1EC318CA0}.Release|x64.ActiveCfg = Release|Any CPU
		{43D4391B-5D18-46D0-A9B1-B8A1EC318CA0}.Release|x64.Build.0 = Release|Any CPU
		{43D4391B-5D18-46D0-A9B1-B8A1EC318CA0}.Release|x86.ActiveCfg = Release|Any CPU
		{43D4391B-5D18-46D0-A9B1-B8A1EC318CA0}.Release|x86.Build.0 = Release|Any CPU

		{510289EC-66E4-4AC6-9486-EB7E13602474}.Debug|Any CPU.ActiveCfg = Debug|Any CPU
		{510289EC-66E4-4AC6-9486-EB7E13602474}.Debug|Any CPU.Build.0 = Debug|Any CPU
		{510289EC-66E4-4AC6-9486-EB7E13602474}.Debug|x64.ActiveCfg = Debug|Any CPU
		{510289EC-66E4-4AC6-9486-EB7E13602474}.Debug|x64.Build.0 = Debug|Any CPU
		{510289EC-66E4-4AC6-9486-EB7E13602474}.Debug|x86.ActiveCfg = Debug|Any CPU
		{510289EC-66E4-4AC6-9486-EB7E13602474}.Debug|x86.Build.0 = Debug|Any CPU
		{510289EC-66E4-4AC6-9486-EB7E13602474}.Release|Any CPU.ActiveCfg = Release|Any CPU
		{510289EC-66E4-4AC6-9486-EB7E13602474}.Release|Any CPU.Build.0 = Release|Any CPU
		{510289EC-66E4-4AC6-9486-EB7E13602474}.Release|x64.ActiveCfg = Release|Any CPU
		{510289EC-66E4-4AC6-9486-EB7E13602474}.Release|x64.Build.0 = Release|Any CPU
		{510289EC-66E4-4AC6-9486-EB7E13602474}.Release|x86.ActiveCfg = Release|Any CPU
		{510289EC-66E4-4AC6-9486-EB7E13602474}.Release|x86.Build.0 = Release|Any CPU
	EndGlobalSection

	GlobalSection(SolutionProperties) = preSolution
		HideSolutionNode = FALSE
	EndGlobalSection
EndGlobal
